
Microsoft Visual Studio Solution File, Format Version 12.00
# Visual Studio Version 17
VisualStudioVersion = 17.0.32112.339
MinimumVisualStudioVersion = 10.0.40219.1
Project("{FAE04EC0-301F-11D3-BF4B-00C04F79EFBC}") = "TestRepos", "TestRepos\TestRepos.csproj", "{D3E2DBAA-2FDA-401F-8D71-1B4E388A2FDA}"
EndProject
Global
	GlobalSection(SolutionConfigurationPlatforms) = preSolution
		Debug|Any CPU = Debug|Any CPU
		Release|Any CPU = Release|Any CPU
	EndGlobalSection
	GlobalSection(ProjectConfigurationPlatforms) = postSolution
		{D3E2DBAA-2FDA-401F-8D71-1B4E388A2FDA}.Debug|Any CPU.ActiveCfg = Debug|Any CPU
		{D3E2DBAA-2FDA-401F-8D71-1B4E388A2FDA}.Debug|Any CPU.Build.0 = Debug|Any CPU
		{D3E2DBAA-2FDA-401F-8D71-1B4E388A2FDA}.Release|Any CPU.ActiveCfg = Release|Any CPU
		{D3E2DBAA-2FDA-401F-8D71-1B4E388A2FDA}.Release|Any CPU.Build.0 = Release|Any CPU
	EndGlobalSection
	GlobalSection(SolutionProperties) = preSolution
		HideSolutionNode = FALSE
	EndGlobalSection
	GlobalSection(ExtensibilityGlobals) = postSolution
		SolutionGuid = {881982B9-EB21-4EB8-8D24-8DA4A850A928}
	EndGlobalSection
EndGlobal
